
Microsoft Visual Studio Solution File, Format Version 12.00
# Visual Studio Version 17
VisualStudioVersion = 17.14.36401.2 d17.14
MinimumVisualStudioVersion = 10.0.40219.1
Project("{FAE04EC0-301F-11D3-BF4B-00C04F79EFBC}") = "MartianRobot", "MartianRobot.csproj", "{80EFEC06-D359-4DE3-A44A-364EB78F653D}"
EndProject
Global
	GlobalSection(SolutionConfigurationPlatforms) = preSolution
		Debug|Any CPU = Debug|Any CPU
		Release|Any CPU = Release|Any CPU
	EndGlobalSection
	GlobalSection(ProjectConfigurationPlatforms) = postSolution
		{80EFEC06-D359-4DE3-A44A-364EB78F653D}.Debug|Any CPU.ActiveCfg = Debug|Any CPU
		{80EFEC06-D359-4DE3-A44A-364EB78F653D}.Debug|Any CPU.Build.0 = Debug|Any CPU
		{80EFEC06-D359-4DE3-A44A-364EB78F653D}.Release|Any CPU.ActiveCfg = Release|Any CPU
		{80EFEC06-D359-4DE3-A44A-364EB78F653D}.Release|Any CPU.Build.0 = Release|Any CPU
	EndGlobalSection
	GlobalSection(SolutionProperties) = preSolution
		HideSolutionNode = FALSE
	EndGlobalSection
	GlobalSection(ExtensibilityGlobals) = postSolution
		SolutionGuid = {1B8B3ADC-9A03-4247-A876-886CB55AEB5B}
	EndGlobalSection
EndGlobal
